
Microsoft Visual Studio Solution File, Format Version 12.00
# Visual Studio 15
VisualStudioVersion = 15.0.27428.2037
MinimumVisualStudioVersion = 10.0.40219.1
Project("{FAE04EC0-301F-11D3-BF4B-00C04F79EFBC}") = "DataAccess", "DataAccess\DataAccess.csproj", "{CCE28B15-BD14-45C8-B591-1CAED3396535}"
EndProject
Project("{FAE04EC0-301F-11D3-BF4B-00C04F79EFBC}") = "RestaurantClient", "RestaurantClient\RestaurantClient.csproj", "{89C89960-6388-4B4D-B92E-0AC8578446F2}"
EndProject
Global
	GlobalSection(SolutionConfigurationPlatforms) = preSolution
		Debug|Any CPU = Debug|Any CPU
		Release|Any CPU = Release|Any CPU
	EndGlobalSection
	GlobalSection(ProjectConfigurationPlatforms) = postSolution
		{CCE28B15-BD14-45C8-B591-1CAED3396535}.Debug|Any CPU.ActiveCfg = Debug|Any CPU
		{CCE28B15-BD14-45C8-B591-1CAED3396535}.Debug|Any CPU.Build.0 = Debug|Any CPU
		{CCE28B15-BD14-45C8-B591-1CAED3396535}.Release|Any CPU.ActiveCfg = Release|Any CPU
		{CCE28B15-BD14-45C8-B591-1CAED3396535}.Release|Any CPU.Build.0 = Release|Any CPU
		{89C89960-6388-4B4D-B92E-0AC8578446F2}.Debug|Any CPU.ActiveCfg = Debug|Any CPU
		{89C89960-6388-4B4D-B92E-0AC8578446F2}.Debug|Any CPU.Build.0 = Debug|Any CPU
		{89C89960-6388-4B4D-B92E-0AC8578446F2}.Release|Any CPU.ActiveCfg = Release|Any CPU
		{89C89960-6388-4B4D-B92E-0AC8578446F2}.Release|Any CPU.Build.0 = Release|Any CPU
	EndGlobalSection
	GlobalSection(SolutionProperties) = preSolution
		HideSolutionNode = FALSE
	EndGlobalSection
	GlobalSection(ExtensibilityGlobals) = postSolution
		SolutionGuid = {237937C3-87E2-4044-A182-5468499ADE9C}
	EndGlobalSection
EndGlobal
