
Microsoft Visual Studio Solution File, Format Version 12.00
# Visual Studio 15
VisualStudioVersion = 15.0.27428.2037
MinimumVisualStudioVersion = 10.0.40219.1
Project("{FAE04EC0-301F-11D3-BF4B-00C04F79EFBC}") = "Restaurant.Library", "Restaurant.Library\Restaurant.Library.csproj", "{CE48826D-C9A6-4C42-825E-3842396BF057}"
EndProject
Global
	GlobalSection(SolutionConfigurationPlatforms) = preSolution
		Debug|Any CPU = Debug|Any CPU
		Release|Any CPU = Release|Any CPU
	EndGlobalSection
	GlobalSection(ProjectConfigurationPlatforms) = postSolution
		{CE48826D-C9A6-4C42-825E-3842396BF057}.Debug|Any CPU.ActiveCfg = Debug|Any CPU
		{CE48826D-C9A6-4C42-825E-3842396BF057}.Debug|Any CPU.Build.0 = Debug|Any CPU
		{CE48826D-C9A6-4C42-825E-3842396BF057}.Release|Any CPU.ActiveCfg = Release|Any CPU
		{CE48826D-C9A6-4C42-825E-3842396BF057}.Release|Any CPU.Build.0 = Release|Any CPU
	EndGlobalSection
	GlobalSection(SolutionProperties) = preSolution
		HideSolutionNode = FALSE
	EndGlobalSection
	GlobalSection(ExtensibilityGlobals) = postSolution
		SolutionGuid = {BEAD1DC3-2569-4BC3-A7E2-7A4670F8BAD2}
	EndGlobalSection
EndGlobal
